
Microsoft Visual Studio Solution File, Format Version 12.00
# Visual Studio Version 16
VisualStudioVersion = 16.0.32802.440
MinimumVisualStudioVersion = 10.0.40219.1
Project("{9A19103F-16F7-4668-BE54-9A1E7A4F7556}") = "Dox", "Dox.csproj", "{B4BF1740-FAE1-4342-936D-C979CD8FF010}"
EndProject
Global
	GlobalSection(SolutionConfigurationPlatforms) = preSolution
		Debug|Any CPU = Debug|Any CPU
		Release|Any CPU = Release|Any CPU
	EndGlobalSection
	GlobalSection(ProjectConfigurationPlatforms) = postSolution
		{B4BF1740-FAE1-4342-936D-C979CD8FF010}.Debug|Any CPU.ActiveCfg = Debug|Any CPU
		{B4BF1740-FAE1-4342-936D-C979CD8FF010}.Debug|Any CPU.Build.0 = Debug|Any CPU
		{B4BF1740-FAE1-4342-936D-C979CD8FF010}.Release|Any CPU.ActiveCfg = Release|Any CPU
		{B4BF1740-FAE1-4342-936D-C979CD8FF010}.Release|Any CPU.Build.0 = Release|Any CPU
	EndGlobalSection
	GlobalSection(SolutionProperties) = preSolution
		HideSolutionNode = FALSE
	EndGlobalSection
	GlobalSection(ExtensibilityGlobals) = postSolution
		SolutionGuid = {56962724-F1DD-4CDB-AF8E-C2A1BECC9A51}
	EndGlobalSection
EndGlobal
