
Microsoft Visual Studio Solution File, Format Version 12.00
# Visual Studio Version 16
VisualStudioVersion = 16.0.30114.105
MinimumVisualStudioVersion = 10.0.40219.1
Project("{FAE04EC0-301F-11D3-BF4B-00C04F79EFBC}") = "Dox", "Dox\Dox.csproj", "{B4F2E054-81C5-4917-BAC7-7061F0762EE7}"
EndProject
Global
	GlobalSection(SolutionConfigurationPlatforms) = preSolution
		Debug|Any CPU = Debug|Any CPU
		Release|Any CPU = Release|Any CPU
	EndGlobalSection
	GlobalSection(ProjectConfigurationPlatforms) = postSolution
		{B4F2E054-81C5-4917-BAC7-7061F0762EE7}.Debug|Any CPU.ActiveCfg = Debug|Any CPU
		{B4F2E054-81C5-4917-BAC7-7061F0762EE7}.Debug|Any CPU.Build.0 = Debug|Any CPU
		{B4F2E054-81C5-4917-BAC7-7061F0762EE7}.Release|Any CPU.ActiveCfg = Release|Any CPU
		{B4F2E054-81C5-4917-BAC7-7061F0762EE7}.Release|Any CPU.Build.0 = Release|Any CPU
	EndGlobalSection
	GlobalSection(SolutionProperties) = preSolution
		HideSolutionNode = FALSE
	EndGlobalSection
	GlobalSection(ExtensibilityGlobals) = postSolution
		SolutionGuid = {3B136DF1-8F12-4F25-925A-53EA27696B91}
	EndGlobalSection
EndGlobal
